
Microsoft Visual Studio Solution File, Format Version 12.00
# Visual Studio 15
VisualStudioVersion = 15.0.27428.2005
MinimumVisualStudioVersion = 10.0.40219.1
Project("{FAE04EC0-301F-11D3-BF4B-00C04F79EFBC}") = "ObserverDemo.Lib1", "ObserverDemo\ObserverDemo.Lib1.csproj", "{B85EAFC5-4CE6-46A3-AE8C-444BD04B6030}"
EndProject
Project("{2150E333-8FDC-42A3-9474-1A3956D46DE8}") = "Example1", "Example1", "{19C7B2F1-4356-41B7-80CD-E696DA12490D}"
EndProject
Project("{FAE04EC0-301F-11D3-BF4B-00C04F79EFBC}") = "ObserverDemo.App1", "ObserverDemo.App1\ObserverDemo.App1.csproj", "{D7EC55F8-6B7B-4F64-B684-65A94D92FF51}"
EndProject
Project("{2150E333-8FDC-42A3-9474-1A3956D46DE8}") = "Example2", "Example2", "{8B1A96B5-937E-43B3-9829-141ABCF36F95}"
EndProject
Project("{FAE04EC0-301F-11D3-BF4B-00C04F79EFBC}") = "ObserverDemo.Lib2", "ObserverDemo.Lib2\ObserverDemo.Lib2.csproj", "{317032B1-28B4-4C5C-9B26-685881B21D7A}"
EndProject
Project("{FAE04EC0-301F-11D3-BF4B-00C04F79EFBC}") = "ObserverDemo.App2", "ObserverDemo.App2\ObserverDemo.App2.csproj", "{9EDDA50B-7AFB-4A1E-BBE8-99D3594B9AEE}"
EndProject
Project("{2150E333-8FDC-42A3-9474-1A3956D46DE8}") = "Example3", "Example3", "{7D862738-DEBA-4739-9C0C-E39FD91634BD}"
EndProject
Project("{FAE04EC0-301F-11D3-BF4B-00C04F79EFBC}") = "ObserverDemo.Lib3", "ObserverDemo.Lib3\ObserverDemo.Lib3.csproj", "{32847975-2F5F-4512-BCAE-E0D938516900}"
EndProject
Project("{FAE04EC0-301F-11D3-BF4B-00C04F79EFBC}") = "ObserverDemo.App3", "ObserverDemo.App3\ObserverDemo.App3.csproj", "{328532BA-3135-42B4-8A70-F76AA3D72EAC}"
EndProject
Project("{2150E333-8FDC-42A3-9474-1A3956D46DE8}") = "Example4", "Example4", "{1D972D4A-D7E1-44AD-8D48-0618B372EE51}"
EndProject
Project("{FAE04EC0-301F-11D3-BF4B-00C04F79EFBC}") = "ObserverDemo.Lib4", "ObserverDemo.Lib4\ObserverDemo.Lib4.csproj", "{5E114140-98D8-4672-82C0-93972284B859}"
EndProject
Project("{FAE04EC0-301F-11D3-BF4B-00C04F79EFBC}") = "ObserverDemo.App4", "ObserverDemo.App4\ObserverDemo.App4.csproj", "{FE570497-F0E8-49C2-9E9F-F0FE248B69A8}"
EndProject
Project("{2150E333-8FDC-42A3-9474-1A3956D46DE8}") = "Example5", "Example5", "{B8793076-B024-4CD8-94DD-E87B1195239F}"
EndProject
Project("{FAE04EC0-301F-11D3-BF4B-00C04F79EFBC}") = "ObserverDemo.Lib5", "ObserverDemo.Lib5\ObserverDemo.Lib5.csproj", "{858BC462-7280-4305-90FA-594AF0F33A88}"
EndProject
Project("{FAE04EC0-301F-11D3-BF4B-00C04F79EFBC}") = "ObserverDemo.App5", "ObserverDemo.App5\ObserverDemo.App5.csproj", "{9FF8CE74-1E45-4A5D-ACFF-7CB8C8D15C9F}"
EndProject
Project("{2150E333-8FDC-42A3-9474-1A3956D46DE8}") = "Example6", "Example6", "{91085267-2420-43A7-88AE-5FC2A208D2DD}"
EndProject
Project("{FAE04EC0-301F-11D3-BF4B-00C04F79EFBC}") = "ObserverDemo.Lib6", "ObserverDemo.Lib6\ObserverDemo.Lib6.csproj", "{2AE745EE-F3D5-435B-9402-E8C0703A3E29}"
EndProject
Project("{FAE04EC0-301F-11D3-BF4B-00C04F79EFBC}") = "ObserverDemo.App6", "ObserverDemo.App6\ObserverDemo.App6.csproj", "{B7A8CB89-CB1D-40F1-A793-BC53A51ECE91}"
EndProject
Global
	GlobalSection(SolutionConfigurationPlatforms) = preSolution
		Debug|Any CPU = Debug|Any CPU
		Release|Any CPU = Release|Any CPU
	EndGlobalSection
	GlobalSection(ProjectConfigurationPlatforms) = postSolution
		{B85EAFC5-4CE6-46A3-AE8C-444BD04B6030}.Debug|Any CPU.ActiveCfg = Debug|Any CPU
		{B85EAFC5-4CE6-46A3-AE8C-444BD04B6030}.Debug|Any CPU.Build.0 = Debug|Any CPU
		{B85EAFC5-4CE6-46A3-AE8C-444BD04B6030}.Release|Any CPU.ActiveCfg = Release|Any CPU
		{B85EAFC5-4CE6-46A3-AE8C-444BD04B6030}.Release|Any CPU.Build.0 = Release|Any CPU
		{D7EC55F8-6B7B-4F64-B684-65A94D92FF51}.Debug|Any CPU.ActiveCfg = Debug|Any CPU
		{D7EC55F8-6B7B-4F64-B684-65A94D92FF51}.Debug|Any CPU.Build.0 = Debug|Any CPU
		{D7EC55F8-6B7B-4F64-B684-65A94D92FF51}.Release|Any CPU.ActiveCfg = Release|Any CPU
		{D7EC55F8-6B7B-4F64-B684-65A94D92FF51}.Release|Any CPU.Build.0 = Release|Any CPU
		{317032B1-28B4-4C5C-9B26-685881B21D7A}.Debug|Any CPU.ActiveCfg = Debug|Any CPU
		{317032B1-28B4-4C5C-9B26-685881B21D7A}.Debug|Any CPU.Build.0 = Debug|Any CPU
		{317032B1-28B4-4C5C-9B26-685881B21D7A}.Release|Any CPU.ActiveCfg = Release|Any CPU
		{317032B1-28B4-4C5C-9B26-685881B21D7A}.Release|Any CPU.Build.0 = Release|Any CPU
		{9EDDA50B-7AFB-4A1E-BBE8-99D3594B9AEE}.Debug|Any CPU.ActiveCfg = Debug|Any CPU
		{9EDDA50B-7AFB-4A1E-BBE8-99D3594B9AEE}.Debug|Any CPU.Build.0 = Debug|Any CPU
		{9EDDA50B-7AFB-4A1E-BBE8-99D3594B9AEE}.Release|Any CPU.ActiveCfg = Release|Any CPU
		{9EDDA50B-7AFB-4A1E-BBE8-99D3594B9AEE}.Release|Any CPU.Build.0 = Release|Any CPU
		{32847975-2F5F-4512-BCAE-E0D938516900}.Debug|Any CPU.ActiveCfg = Debug|Any CPU
		{32847975-2F5F-4512-BCAE-E0D938516900}.Debug|Any CPU.Build.0 = Debug|Any CPU
		{32847975-2F5F-4512-BCAE-E0D938516900}.Release|Any CPU.ActiveCfg = Release|Any CPU
		{32847975-2F5F-4512-BCAE-E0D938516900}.Release|Any CPU.Build.0 = Release|Any CPU
		{328532BA-3135-42B4-8A70-F76AA3D72EAC}.Debug|Any CPU.ActiveCfg = Debug|Any CPU
		{328532BA-3135-42B4-8A70-F76AA3D72EAC}.Debug|Any CPU.Build.0 = Debug|Any CPU
		{328532BA-3135-42B4-8A70-F76AA3D72EAC}.Release|Any CPU.ActiveCfg = Release|Any CPU
		{328532BA-3135-42B4-8A70-F76AA3D72EAC}.Release|Any CPU.Build.0 = Release|Any CPU
		{5E114140-98D8-4672-82C0-93972284B859}.Debug|Any CPU.ActiveCfg = Debug|Any CPU
		{5E114140-98D8-4672-82C0-93972284B859}.Debug|Any CPU.Build.0 = Debug|Any CPU
		{5E114140-98D8-4672-82C0-93972284B859}.Release|Any CPU.ActiveCfg = Release|Any CPU
		{5E114140-98D8-4672-82C0-93972284B859}.Release|Any CPU.Build.0 = Release|Any CPU
		{FE570497-F0E8-49C2-9E9F-F0FE248B69A8}.Debug|Any CPU.ActiveCfg = Debug|Any CPU
		{FE570497-F0E8-49C2-9E9F-F0FE248B69A8}.Debug|Any CPU.Build.0 = Debug|Any CPU
		{FE570497-F0E8-49C2-9E9F-F0FE248B69A8}.Release|Any CPU.ActiveCfg = Release|Any CPU
		{FE570497-F0E8-49C2-9E9F-F0FE248B69A8}.Release|Any CPU.Build.0 = Release|Any CPU
		{858BC462-7280-4305-90FA-594AF0F33A88}.Debug|Any CPU.ActiveCfg = Debug|Any CPU
		{858BC462-7280-4305-90FA-594AF0F33A88}.Debug|Any CPU.Build.0 = Debug|Any CPU
		{858BC462-7280-4305-90FA-594AF0F33A88}.Release|Any CPU.ActiveCfg = Release|Any CPU
		{858BC462-7280-4305-90FA-594AF0F33A88}.Release|Any CPU.Build.0 = Release|Any CPU
		{9FF8CE74-1E45-4A5D-ACFF-7CB8C8D15C9F}.Debug|Any CPU.ActiveCfg = Debug|Any CPU
		{9FF8CE74-1E45-4A5D-ACFF-7CB8C8D15C9F}.Debug|Any CPU.Build.0 = Debug|Any CPU
		{9FF8CE74-1E45-4A5D-ACFF-7CB8C8D15C9F}.Release|Any CPU.ActiveCfg = Release|Any CPU
		{9FF8CE74-1E45-4A5D-ACFF-7CB8C8D15C9F}.Release|Any CPU.Build.0 = Release|Any CPU
		{2AE745EE-F3D5-435B-9402-E8C0703A3E29}.Debug|Any CPU.ActiveCfg = Debug|Any CPU
		{2AE745EE-F3D5-435B-9402-E8C0703A3E29}.Debug|Any CPU.Build.0 = Debug|Any CPU
		{2AE745EE-F3D5-435B-9402-E8C0703A3E29}.Release|Any CPU.ActiveCfg = Release|Any CPU
		{2AE745EE-F3D5-435B-9402-E8C0703A3E29}.Release|Any CPU.Build.0 = Release|Any CPU
		{B7A8CB89-CB1D-40F1-A793-BC53A51ECE91}.Debug|Any CPU.ActiveCfg = Debug|Any CPU
		{B7A8CB89-CB1D-40F1-A793-BC53A51ECE91}.Debug|Any CPU.Build.0 = Debug|Any CPU
		{B7A8CB89-CB1D-40F1-A793-BC53A51ECE91}.Release|Any CPU.ActiveCfg = Release|Any CPU
		{B7A8CB89-CB1D-40F1-A793-BC53A51ECE91}.Release|Any CPU.Build.0 = Release|Any CPU
	EndGlobalSection
	GlobalSection(SolutionProperties) = preSolution
		HideSolutionNode = FALSE
	EndGlobalSection
	GlobalSection(NestedProjects) = preSolution
		{B85EAFC5-4CE6-46A3-AE8C-444BD04B6030} = {19C7B2F1-4356-41B7-80CD-E696DA12490D}
		{D7EC55F8-6B7B-4F64-B684-65A94D92FF51} = {19C7B2F1-4356-41B7-80CD-E696DA12490D}
		{317032B1-28B4-4C5C-9B26-685881B21D7A} = {8B1A96B5-937E-43B3-9829-141ABCF36F95}
		{9EDDA50B-7AFB-4A1E-BBE8-99D3594B9AEE} = {8B1A96B5-937E-43B3-9829-141ABCF36F95}
		{32847975-2F5F-4512-BCAE-E0D938516900} = {7D862738-DEBA-4739-9C0C-E39FD91634BD}
		{328532BA-3135-42B4-8A70-F76AA3D72EAC} = {7D862738-DEBA-4739-9C0C-E39FD91634BD}
		{5E114140-98D8-4672-82C0-93972284B859} = {1D972D4A-D7E1-44AD-8D48-0618B372EE51}
		{FE570497-F0E8-49C2-9E9F-F0FE248B69A8} = {1D972D4A-D7E1-44AD-8D48-0618B372EE51}
		{858BC462-7280-4305-90FA-594AF0F33A88} = {B8793076-B024-4CD8-94DD-E87B1195239F}
		{9FF8CE74-1E45-4A5D-ACFF-7CB8C8D15C9F} = {B8793076-B024-4CD8-94DD-E87B1195239F}
		{2AE745EE-F3D5-435B-9402-E8C0703A3E29} = {91085267-2420-43A7-88AE-5FC2A208D2DD}
		{B7A8CB89-CB1D-40F1-A793-BC53A51ECE91} = {91085267-2420-43A7-88AE-5FC2A208D2DD}
	EndGlobalSection
	GlobalSection(ExtensibilityGlobals) = postSolution
		SolutionGuid = {D6FAF720-59A7-4C1E-804F-756830A3B219}
	EndGlobalSection
EndGlobal
